
Microsoft Visual Studio Solution File, Format Version 12.00
# Visual Studio Version 17
VisualStudioVersion = 17.7.34202.233
MinimumVisualStudioVersion = 10.0.40219.1
Project("{FAE04EC0-301F-11D3-BF4B-00C04F79EFBC}") = "ApiHomework1", "ApiHomework1\ApiHomework1.csproj", "{8083CB8E-7EBD-4056-8B5C-01C6D965BC94}"
EndProject
Global
	GlobalSection(SolutionConfigurationPlatforms) = preSolution
		Debug|Any CPU = Debug|Any CPU
		Release|Any CPU = Release|Any CPU
	EndGlobalSection
	GlobalSection(ProjectConfigurationPlatforms) = postSolution
		{8083CB8E-7EBD-4056-8B5C-01C6D965BC94}.Debug|Any CPU.ActiveCfg = Debug|Any CPU
		{8083CB8E-7EBD-4056-8B5C-01C6D965BC94}.Debug|Any CPU.Build.0 = Debug|Any CPU
		{8083CB8E-7EBD-4056-8B5C-01C6D965BC94}.Release|Any CPU.ActiveCfg = Release|Any CPU
		{8083CB8E-7EBD-4056-8B5C-01C6D965BC94}.Release|Any CPU.Build.0 = Release|Any CPU
	EndGlobalSection
	GlobalSection(SolutionProperties) = preSolution
		HideSolutionNode = FALSE
	EndGlobalSection
	GlobalSection(ExtensibilityGlobals) = postSolution
		SolutionGuid = {88363A88-0133-4C9D-B1F4-00BEBF8CEDDD}
	EndGlobalSection
EndGlobal
