
Microsoft Visual Studio Solution File, Format Version 12.00
# Visual Studio Version 17
VisualStudioVersion = 17.7.34202.233
MinimumVisualStudioVersion = 10.0.40219.1
Project("{9A19103F-16F7-4668-BE54-9A1E7A4F7556}") = "Exercise05", "Homework2\Exercise05.csproj", "{155ACD25-7ED0-4B7C-B694-E4122F55A948}"
EndProject
Project("{9A19103F-16F7-4668-BE54-9A1E7A4F7556}") = "Exercise06", "Exercise06\Exercise06.csproj", "{DD7E43A2-8A86-4011-8977-CC1A0CEEB7B9}"
EndProject
Project("{FAE04EC0-301F-11D3-BF4B-00C04F79EFBC}") = "GitHomework1", "GitHomework1\GitHomework1.csproj", "{2ECEE037-EE59-49EA-B431-048D683A6395}"
EndProject
Project("{FAE04EC0-301F-11D3-BF4B-00C04F79EFBC}") = "GitHomework2", "GitHomework2\GitHomework2.csproj", "{CED40BD0-A54C-44FB-ACE6-F6E59F8D2044}"
EndProject
Global
	GlobalSection(SolutionConfigurationPlatforms) = preSolution
		Debug|Any CPU = Debug|Any CPU
		Release|Any CPU = Release|Any CPU
	EndGlobalSection
	GlobalSection(ProjectConfigurationPlatforms) = postSolution
		{155ACD25-7ED0-4B7C-B694-E4122F55A948}.Debug|Any CPU.ActiveCfg = Debug|Any CPU
		{155ACD25-7ED0-4B7C-B694-E4122F55A948}.Debug|Any CPU.Build.0 = Debug|Any CPU
		{155ACD25-7ED0-4B7C-B694-E4122F55A948}.Release|Any CPU.ActiveCfg = Release|Any CPU
		{155ACD25-7ED0-4B7C-B694-E4122F55A948}.Release|Any CPU.Build.0 = Release|Any CPU
		{DD7E43A2-8A86-4011-8977-CC1A0CEEB7B9}.Debug|Any CPU.ActiveCfg = Debug|Any CPU
		{DD7E43A2-8A86-4011-8977-CC1A0CEEB7B9}.Debug|Any CPU.Build.0 = Debug|Any CPU
		{DD7E43A2-8A86-4011-8977-CC1A0CEEB7B9}.Release|Any CPU.ActiveCfg = Release|Any CPU
		{DD7E43A2-8A86-4011-8977-CC1A0CEEB7B9}.Release|Any CPU.Build.0 = Release|Any CPU
		{2ECEE037-EE59-49EA-B431-048D683A6395}.Debug|Any CPU.ActiveCfg = Debug|Any CPU
		{2ECEE037-EE59-49EA-B431-048D683A6395}.Debug|Any CPU.Build.0 = Debug|Any CPU
		{2ECEE037-EE59-49EA-B431-048D683A6395}.Release|Any CPU.ActiveCfg = Release|Any CPU
		{2ECEE037-EE59-49EA-B431-048D683A6395}.Release|Any CPU.Build.0 = Release|Any CPU
		{CED40BD0-A54C-44FB-ACE6-F6E59F8D2044}.Debug|Any CPU.ActiveCfg = Debug|Any CPU
		{CED40BD0-A54C-44FB-ACE6-F6E59F8D2044}.Debug|Any CPU.Build.0 = Debug|Any CPU
		{CED40BD0-A54C-44FB-ACE6-F6E59F8D2044}.Release|Any CPU.ActiveCfg = Release|Any CPU
		{CED40BD0-A54C-44FB-ACE6-F6E59F8D2044}.Release|Any CPU.Build.0 = Release|Any CPU
	EndGlobalSection
	GlobalSection(SolutionProperties) = preSolution
		HideSolutionNode = FALSE
	EndGlobalSection
	GlobalSection(ExtensibilityGlobals) = postSolution
		SolutionGuid = {FBB9B92F-B309-44CC-BE57-E1DB635919AB}
	EndGlobalSection
EndGlobal
