
Microsoft Visual Studio Solution File, Format Version 12.00
# Visual Studio Version 17
VisualStudioVersion = 17.7.34202.233
MinimumVisualStudioVersion = 10.0.40219.1
Project("{9A19103F-16F7-4668-BE54-9A1E7A4F7556}") = "TimeTracking.App", "TimeTracking.App\TimeTracking.App.csproj", "{7CB5E6E5-9E82-48AD-8EDE-8B66BE706C31}"
EndProject
Project("{9A19103F-16F7-4668-BE54-9A1E7A4F7556}") = "TimeTracking.Domain", "TimeTracking.Domain\TimeTracking.Domain.csproj", "{C552DD3A-3747-4C12-B849-F2A6DBAD2266}"
EndProject
Project("{9A19103F-16F7-4668-BE54-9A1E7A4F7556}") = "TimeTracking.Services", "TimeTracking.Services\TimeTracking.Services.csproj", "{0DAA5FA2-266B-46A2-A9EB-DCC1E1144CC3}"
EndProject
Project("{9A19103F-16F7-4668-BE54-9A1E7A4F7556}") = "TimeTracking.Helpers", "TimeTracking.Helpers\TimeTracking.Helpers.csproj", "{F3355040-BFC4-4E85-A85B-E2958C5A84DE}"
EndProject
Project("{FAE04EC0-301F-11D3-BF4B-00C04F79EFBC}") = "TimeTracking.Repository", "TimeTracking.Repository\TimeTracking.Repository.csproj", "{D08953D8-65F7-4392-BF68-E0368E537F05}"
EndProject
Global
	GlobalSection(SolutionConfigurationPlatforms) = preSolution
		Debug|Any CPU = Debug|Any CPU
		Release|Any CPU = Release|Any CPU
	EndGlobalSection
	GlobalSection(ProjectConfigurationPlatforms) = postSolution
		{7CB5E6E5-9E82-48AD-8EDE-8B66BE706C31}.Debug|Any CPU.ActiveCfg = Debug|Any CPU
		{7CB5E6E5-9E82-48AD-8EDE-8B66BE706C31}.Debug|Any CPU.Build.0 = Debug|Any CPU
		{7CB5E6E5-9E82-48AD-8EDE-8B66BE706C31}.Release|Any CPU.ActiveCfg = Release|Any CPU
		{7CB5E6E5-9E82-48AD-8EDE-8B66BE706C31}.Release|Any CPU.Build.0 = Release|Any CPU
		{C552DD3A-3747-4C12-B849-F2A6DBAD2266}.Debug|Any CPU.ActiveCfg = Debug|Any CPU
		{C552DD3A-3747-4C12-B849-F2A6DBAD2266}.Debug|Any CPU.Build.0 = Debug|Any CPU
		{C552DD3A-3747-4C12-B849-F2A6DBAD2266}.Release|Any CPU.ActiveCfg = Release|Any CPU
		{C552DD3A-3747-4C12-B849-F2A6DBAD2266}.Release|Any CPU.Build.0 = Release|Any CPU
		{0DAA5FA2-266B-46A2-A9EB-DCC1E1144CC3}.Debug|Any CPU.ActiveCfg = Debug|Any CPU
		{0DAA5FA2-266B-46A2-A9EB-DCC1E1144CC3}.Debug|Any CPU.Build.0 = Debug|Any CPU
		{0DAA5FA2-266B-46A2-A9EB-DCC1E1144CC3}.Release|Any CPU.ActiveCfg = Release|Any CPU
		{0DAA5FA2-266B-46A2-A9EB-DCC1E1144CC3}.Release|Any CPU.Build.0 = Release|Any CPU
		{F3355040-BFC4-4E85-A85B-E2958C5A84DE}.Debug|Any CPU.ActiveCfg = Debug|Any CPU
		{F3355040-BFC4-4E85-A85B-E2958C5A84DE}.Debug|Any CPU.Build.0 = Debug|Any CPU
		{F3355040-BFC4-4E85-A85B-E2958C5A84DE}.Release|Any CPU.ActiveCfg = Release|Any CPU
		{F3355040-BFC4-4E85-A85B-E2958C5A84DE}.Release|Any CPU.Build.0 = Release|Any CPU
		{D08953D8-65F7-4392-BF68-E0368E537F05}.Debug|Any CPU.ActiveCfg = Debug|Any CPU
		{D08953D8-65F7-4392-BF68-E0368E537F05}.Debug|Any CPU.Build.0 = Debug|Any CPU
		{D08953D8-65F7-4392-BF68-E0368E537F05}.Release|Any CPU.ActiveCfg = Release|Any CPU
		{D08953D8-65F7-4392-BF68-E0368E537F05}.Release|Any CPU.Build.0 = Release|Any CPU
	EndGlobalSection
	GlobalSection(SolutionProperties) = preSolution
		HideSolutionNode = FALSE
	EndGlobalSection
	GlobalSection(ExtensibilityGlobals) = postSolution
		SolutionGuid = {A00CF82C-4574-4C8F-840A-A7B585E638FF}
	EndGlobalSection
EndGlobal
